
Microsoft Visual Studio Solution File, Format Version 12.00
# Visual Studio 15
VisualStudioVersion = 15.0.28307.102
MinimumVisualStudioVersion = 10.0.40219.1
Project("{FAE04EC0-301F-11D3-BF4B-00C04F79EFBC}") = "Funda1", "Funda1\Funda1.csproj", "{ED25363C-1798-4E0F-A3FA-2C328B7AD52B}"
EndProject
Global
	GlobalSection(SolutionConfigurationPlatforms) = preSolution
		Debug|Any CPU = Debug|Any CPU
		Release|Any CPU = Release|Any CPU
	EndGlobalSection
	GlobalSection(ProjectConfigurationPlatforms) = postSolution
		{ED25363C-1798-4E0F-A3FA-2C328B7AD52B}.Debug|Any CPU.ActiveCfg = Debug|Any CPU
		{ED25363C-1798-4E0F-A3FA-2C328B7AD52B}.Debug|Any CPU.Build.0 = Debug|Any CPU
		{ED25363C-1798-4E0F-A3FA-2C328B7AD52B}.Release|Any CPU.ActiveCfg = Release|Any CPU
		{ED25363C-1798-4E0F-A3FA-2C328B7AD52B}.Release|Any CPU.Build.0 = Release|Any CPU
	EndGlobalSection
	GlobalSection(SolutionProperties) = preSolution
		HideSolutionNode = FALSE
	EndGlobalSection
	GlobalSection(ExtensibilityGlobals) = postSolution
		SolutionGuid = {073B9E80-7024-4E01-913A-B521C60C621F}
	EndGlobalSection
EndGlobal
